
Microsoft Visual Studio Solution File, Format Version 12.00
# Visual Studio 15
Project("{FAE04EC0-301F-11D3-BF4B-00C04F79EFBC}") = "ACE", "ACE\ACE.csproj", "{2788C466-5552-496E-9933-8EACB17544BA}"
EndProject
Global
	GlobalSection(SolutionConfigurationPlatforms) = preSolution
		Debug|Any CPU = Debug|Any CPU
		Release|Any CPU = Release|Any CPU
	EndGlobalSection
	GlobalSection(ProjectConfigurationPlatforms) = postSolution
		{2788C466-5552-496E-9933-8EACB17544BA}.Debug|Any CPU.ActiveCfg = Debug|Any CPU
		{2788C466-5552-496E-9933-8EACB17544BA}.Debug|Any CPU.Build.0 = Debug|Any CPU
		{2788C466-5552-496E-9933-8EACB17544BA}.Release|Any CPU.ActiveCfg = Release|Any CPU
		{2788C466-5552-496E-9933-8EACB17544BA}.Release|Any CPU.Build.0 = Release|Any CPU
	EndGlobalSection
EndGlobal
